// !$*UTF8*$!
{
	archiveVersion = 1;
	classes = {
	};
	objectVersion = 46;
	objects = {

/* Begin PBXBuildFile section */
		0091D8F90E81B9330029341E /* OpenGL.framework in Frameworks */ = {isa = PBXBuildFile; fileRef = 0091D8F80E81B9330029341E /* OpenGL.framework */; };
		00B784B30FF439BC000DE1D7 /* Accelerate.framework in Frameworks */ = {isa = PBXBuildFile; fileRef = 00B784AF0FF439BC000DE1D7 /* Accelerate.framework */; };
		00B784B40FF439BC000DE1D7 /* AudioToolbox.framework in Frameworks */ = {isa = PBXBuildFile; fileRef = 00B784B00FF439BC000DE1D7 /* AudioToolbox.framework */; };
		00B784B50FF439BC000DE1D7 /* AudioUnit.framework in Frameworks */ = {isa = PBXBuildFile; fileRef = 00B784B10FF439BC000DE1D7 /* AudioUnit.framework */; };
		00B784B60FF439BC000DE1D7 /* CoreAudio.framework in Frameworks */ = {isa = PBXBuildFile; fileRef = 00B784B20FF439BC000DE1D7 /* CoreAudio.framework */; };
		103C2A8CD7734AFCAC3E23E5 /* core.c in Sources */ = {isa = PBXBuildFile; fileRef = A5B6B602B5164B80AEB995C8 /* core.c */; };
		118A35717446455DA76DBEE6 /* usb_libusb10.c in Sources */ = {isa = PBXBuildFile; fileRef = D534BC566BD445658F30D10C /* usb_libusb10.c */; };
		5323E6B20EAFCA74003A9687 /* CoreVideo.framework in Frameworks */ = {isa = PBXBuildFile; fileRef = 5323E6B10EAFCA74003A9687 /* CoreVideo.framework */; };
		5323E6B60EAFCA7E003A9687 /* QTKit.framework in Frameworks */ = {isa = PBXBuildFile; fileRef = 5323E6B50EAFCA7E003A9687 /* QTKit.framework */; };
		5B637C0E097442028F43D1D7 /* registration.c in Sources */ = {isa = PBXBuildFile; fileRef = 125A72DAA0BF4A6D908F12E7 /* registration.c */; };
		5C6CC0FF98704EC4AD198119 /* EEtangApp.cpp in Sources */ = {isa = PBXBuildFile; fileRef = 0E3A554334924D92A69B4829 /* EEtangApp.cpp */; };
		8514E54919353DFB00F046B2 /* MathUtils.cpp in Sources */ = {isa = PBXBuildFile; fileRef = 8514E53D19353DFB00F046B2 /* MathUtils.cpp */; };
		8514E54A19353DFB00F046B2 /* MeshUtils.cpp in Sources */ = {isa = PBXBuildFile; fileRef = 8514E53F19353DFB00F046B2 /* MeshUtils.cpp */; };
		8514E54B19353DFB00F046B2 /* Scene.cpp in Sources */ = {isa = PBXBuildFile; fileRef = 8514E54119353DFB00F046B2 /* Scene.cpp */; };
		8514E54C19353DFB00F046B2 /* SceneQuat.cpp in Sources */ = {isa = PBXBuildFile; fileRef = 8514E54319353DFB00F046B2 /* SceneQuat.cpp */; };
		8514E54D19353DFB00F046B2 /* Utils.cpp in Sources */ = {isa = PBXBuildFile; fileRef = 8514E54519353DFB00F046B2 /* Utils.cpp */; };
		8514E54E19353DFB00F046B2 /* View.cpp in Sources */ = {isa = PBXBuildFile; fileRef = 8514E54719353DFB00F046B2 /* View.cpp */; };
		8514E55219353E0600F046B2 /* common in Resources */ = {isa = PBXBuildFile; fileRef = 8514E54F19353E0600F046B2 /* common */; };
		8514E55319353E0600F046B2 /* shaders in Resources */ = {isa = PBXBuildFile; fileRef = 8514E55019353E0600F046B2 /* shaders */; };
		8514E55419353E0600F046B2 /* videos in Resources */ = {isa = PBXBuildFile; fileRef = 8514E55119353E0600F046B2 /* videos */; };
		8514E55719353E2400F046B2 /* GlobalSettings.cpp in Sources */ = {isa = PBXBuildFile; fileRef = 8514E55519353E2400F046B2 /* GlobalSettings.cpp */; };
		8514E55B19353EFF00F046B2 /* SceneEtang.cpp in Sources */ = {isa = PBXBuildFile; fileRef = 8514E55919353EFF00F046B2 /* SceneEtang.cpp */; };
		8514E55E1935437300F046B2 /* ViewBg.cpp in Sources */ = {isa = PBXBuildFile; fileRef = 8514E55C1935437300F046B2 /* ViewBg.cpp */; };
		8D11072F0486CEB800E47090 /* Cocoa.framework in Frameworks */ = {isa = PBXBuildFile; fileRef = 1058C7A1FEA54F0111CA2CBB /* Cocoa.framework */; };
		A251217EE4BB4D0ABD13C725 /* IOKit.framework in Frameworks */ = {isa = PBXBuildFile; fileRef = F1D827D5CEC7490CAE105478 /* IOKit.framework */; };
		A603FA08E0854115A1ED52E3 /* tilt.c in Sources */ = {isa = PBXBuildFile; fileRef = 5292147A41104C9BA364A95C /* tilt.c */; };
		A61A6F1A96FA4243A5032F6A /* CinderApp.icns in Resources */ = {isa = PBXBuildFile; fileRef = E4E91D0345564318A86E77AB /* CinderApp.icns */; };
		AC93C7DA6E2A4691973DBC3F /* CinderFreenect.cpp in Sources */ = {isa = PBXBuildFile; fileRef = 6F1733D0180D42A096E0AC75 /* CinderFreenect.cpp */; };
		BE5ED79AE807487BB167D9D6 /* cameras.c in Sources */ = {isa = PBXBuildFile; fileRef = 400A085A321C4053A20DE30C /* cameras.c */; };
		C20A828497C1430FA62FEB54 /* QuickTime.framework in Frameworks */ = {isa = PBXBuildFile; fileRef = DCBBCBBE82C94D33ADF8C6DE /* QuickTime.framework */; };
/* End PBXBuildFile section */

/* Begin PBXFileReference section */
		0091D8F80E81B9330029341E /* OpenGL.framework */ = {isa = PBXFileReference; lastKnownFileType = wrapper.framework; name = OpenGL.framework; path = /System/Library/Frameworks/OpenGL.framework; sourceTree = "<absolute>"; };
		00B784AF0FF439BC000DE1D7 /* Accelerate.framework */ = {isa = PBXFileReference; lastKnownFileType = wrapper.framework; name = Accelerate.framework; path = System/Library/Frameworks/Accelerate.framework; sourceTree = SDKROOT; };
		00B784B00FF439BC000DE1D7 /* AudioToolbox.framework */ = {isa = PBXFileReference; lastKnownFileType = wrapper.framework; name = AudioToolbox.framework; path = System/Library/Frameworks/AudioToolbox.framework; sourceTree = SDKROOT; };
		00B784B10FF439BC000DE1D7 /* AudioUnit.framework */ = {isa = PBXFileReference; lastKnownFileType = wrapper.framework; name = AudioUnit.framework; path = System/Library/Frameworks/AudioUnit.framework; sourceTree = SDKROOT; };
		00B784B20FF439BC000DE1D7 /* CoreAudio.framework */ = {isa = PBXFileReference; lastKnownFileType = wrapper.framework; name = CoreAudio.framework; path = System/Library/Frameworks/CoreAudio.framework; sourceTree = SDKROOT; };
		0E3A554334924D92A69B4829 /* EEtangApp.cpp */ = {isa = PBXFileReference; lastKnownFileType = sourcecode.c.cpp; name = EEtangApp.cpp; path = ../src/EEtangApp.cpp; sourceTree = "<group>"; };
		1058C7A1FEA54F0111CA2CBB /* Cocoa.framework */ = {isa = PBXFileReference; lastKnownFileType = wrapper.framework; name = Cocoa.framework; path = /System/Library/Frameworks/Cocoa.framework; sourceTree = "<absolute>"; };
		125A72DAA0BF4A6D908F12E7 /* registration.c */ = {isa = PBXFileReference; lastKnownFileType = "\"\""; name = registration.c; path = "../blocks/Cinder-Freenect/src/freenect/registration.c"; sourceTree = "<group>"; };
		29B97324FDCFA39411CA2CEA /* AppKit.framework */ = {isa = PBXFileReference; lastKnownFileType = wrapper.framework; name = AppKit.framework; path = /System/Library/Frameworks/AppKit.framework; sourceTree = "<absolute>"; };
		29B97325FDCFA39411CA2CEA /* Foundation.framework */ = {isa = PBXFileReference; lastKnownFileType = wrapper.framework; name = Foundation.framework; path = /System/Library/Frameworks/Foundation.framework; sourceTree = "<absolute>"; };
		400A085A321C4053A20DE30C /* cameras.c */ = {isa = PBXFileReference; lastKnownFileType = "\"\""; name = cameras.c; path = "../blocks/Cinder-Freenect/src/freenect/cameras.c"; sourceTree = "<group>"; };
		47E6C99F2800413481C4F784 /* Resources.h */ = {isa = PBXFileReference; lastKnownFileType = sourcecode.c.h; name = Resources.h; path = ../include/Resources.h; sourceTree = "<group>"; };
		5292147A41104C9BA364A95C /* tilt.c */ = {isa = PBXFileReference; lastKnownFileType = "\"\""; name = tilt.c; path = "../blocks/Cinder-Freenect/src/freenect/tilt.c"; sourceTree = "<group>"; };
		5323E6B10EAFCA74003A9687 /* CoreVideo.framework */ = {isa = PBXFileReference; lastKnownFileType = wrapper.framework; name = CoreVideo.framework; path = /System/Library/Frameworks/CoreVideo.framework; sourceTree = "<absolute>"; };
		5323E6B50EAFCA7E003A9687 /* QTKit.framework */ = {isa = PBXFileReference; lastKnownFileType = wrapper.framework; name = QTKit.framework; path = /System/Library/Frameworks/QTKit.framework; sourceTree = "<absolute>"; };
		6F1733D0180D42A096E0AC75 /* CinderFreenect.cpp */ = {isa = PBXFileReference; lastKnownFileType = sourcecode.c.cpp; name = CinderFreenect.cpp; path = "../blocks/Cinder-Freenect/src/CinderFreenect.cpp"; sourceTree = "<group>"; };
		7C67EA45A98A4A9DA2776A74 /* CinderFreenect.h */ = {isa = PBXFileReference; lastKnownFileType = sourcecode.c.h; name = CinderFreenect.h; path = "../blocks/Cinder-Freenect/src/CinderFreenect.h"; sourceTree = "<group>"; };
		8514E53D19353DFB00F046B2 /* MathUtils.cpp */ = {isa = PBXFileReference; fileEncoding = 4; lastKnownFileType = sourcecode.cpp.cpp; path = MathUtils.cpp; sourceTree = "<group>"; };
		8514E53E19353DFB00F046B2 /* MathUtils.h */ = {isa = PBXFileReference; fileEncoding = 4; lastKnownFileType = sourcecode.c.h; path = MathUtils.h; sourceTree = "<group>"; };
		8514E53F19353DFB00F046B2 /* MeshUtils.cpp */ = {isa = PBXFileReference; fileEncoding = 4; lastKnownFileType = sourcecode.cpp.cpp; path = MeshUtils.cpp; sourceTree = "<group>"; };
		8514E54019353DFB00F046B2 /* MeshUtils.h */ = {isa = PBXFileReference; fileEncoding = 4; lastKnownFileType = sourcecode.c.h; path = MeshUtils.h; sourceTree = "<group>"; };
		8514E54119353DFB00F046B2 /* Scene.cpp */ = {isa = PBXFileReference; fileEncoding = 4; lastKnownFileType = sourcecode.cpp.cpp; path = Scene.cpp; sourceTree = "<group>"; };
		8514E54219353DFB00F046B2 /* Scene.h */ = {isa = PBXFileReference; fileEncoding = 4; lastKnownFileType = sourcecode.c.h; path = Scene.h; sourceTree = "<group>"; };
		8514E54319353DFB00F046B2 /* SceneQuat.cpp */ = {isa = PBXFileReference; fileEncoding = 4; lastKnownFileType = sourcecode.cpp.cpp; path = SceneQuat.cpp; sourceTree = "<group>"; };
		8514E54419353DFB00F046B2 /* SceneQuat.h */ = {isa = PBXFileReference; fileEncoding = 4; lastKnownFileType = sourcecode.c.h; path = SceneQuat.h; sourceTree = "<group>"; };
		8514E54519353DFB00F046B2 /* Utils.cpp */ = {isa = PBXFileReference; fileEncoding = 4; lastKnownFileType = sourcecode.cpp.cpp; path = Utils.cpp; sourceTree = "<group>"; };
		8514E54619353DFB00F046B2 /* Utils.h */ = {isa = PBXFileReference; fileEncoding = 4; lastKnownFileType = sourcecode.c.h; path = Utils.h; sourceTree = "<group>"; };
		8514E54719353DFB00F046B2 /* View.cpp */ = {isa = PBXFileReference; fileEncoding = 4; lastKnownFileType = sourcecode.cpp.cpp; path = View.cpp; sourceTree = "<group>"; };
		8514E54819353DFB00F046B2 /* View.h */ = {isa = PBXFileReference; fileEncoding = 4; lastKnownFileType = sourcecode.c.h; path = View.h; sourceTree = "<group>"; };
		8514E54F19353E0600F046B2 /* common */ = {isa = PBXFileReference; lastKnownFileType = folder; name = common; path = ../assets/common; sourceTree = "<group>"; };
		8514E55019353E0600F046B2 /* shaders */ = {isa = PBXFileReference; lastKnownFileType = folder; name = shaders; path = ../assets/shaders; sourceTree = "<group>"; };
		8514E55119353E0600F046B2 /* videos */ = {isa = PBXFileReference; lastKnownFileType = folder; name = videos; path = ../assets/videos; sourceTree = "<group>"; };
		8514E55519353E2400F046B2 /* GlobalSettings.cpp */ = {isa = PBXFileReference; fileEncoding = 4; lastKnownFileType = sourcecode.cpp.cpp; name = GlobalSettings.cpp; path = ../src/GlobalSettings.cpp; sourceTree = "<group>"; };
		8514E55619353E2400F046B2 /* GlobalSettings.h */ = {isa = PBXFileReference; fileEncoding = 4; lastKnownFileType = sourcecode.c.h; name = GlobalSettings.h; path = ../src/GlobalSettings.h; sourceTree = "<group>"; };
		8514E55919353EFF00F046B2 /* SceneEtang.cpp */ = {isa = PBXFileReference; fileEncoding = 4; lastKnownFileType = sourcecode.cpp.cpp; name = SceneEtang.cpp; path = ../src/SceneEtang.cpp; sourceTree = "<group>"; };
		8514E55A19353EFF00F046B2 /* SceneEtang.h */ = {isa = PBXFileReference; fileEncoding = 4; lastKnownFileType = sourcecode.c.h; name = SceneEtang.h; path = ../src/SceneEtang.h; sourceTree = "<group>"; };
		8514E55C1935437300F046B2 /* ViewBg.cpp */ = {isa = PBXFileReference; fileEncoding = 4; lastKnownFileType = sourcecode.cpp.cpp; name = ViewBg.cpp; path = ../src/views/ViewBg.cpp; sourceTree = "<group>"; };
		8514E55D1935437300F046B2 /* ViewBg.h */ = {isa = PBXFileReference; fileEncoding = 4; lastKnownFileType = sourcecode.c.h; name = ViewBg.h; path = ../src/views/ViewBg.h; sourceTree = "<group>"; };
		8D1107320486CEB800E47090 /* EEtang.app */ = {isa = PBXFileReference; explicitFileType = wrapper.application; includeInIndex = 0; path = EEtang.app; sourceTree = BUILT_PRODUCTS_DIR; };
		A5B6B602B5164B80AEB995C8 /* core.c */ = {isa = PBXFileReference; lastKnownFileType = "\"\""; name = core.c; path = "../blocks/Cinder-Freenect/src/freenect/core.c"; sourceTree = "<group>"; };
		CD15615AAED74D1E8B0DDA67 /* Info.plist */ = {isa = PBXFileReference; lastKnownFileType = text.plist.xml; path = Info.plist; sourceTree = "<group>"; };
		D534BC566BD445658F30D10C /* usb_libusb10.c */ = {isa = PBXFileReference; lastKnownFileType = "\"\""; name = usb_libusb10.c; path = "../blocks/Cinder-Freenect/src/freenect/usb_libusb10.c"; sourceTree = "<group>"; };
		DCBBCBBE82C94D33ADF8C6DE /* QuickTime.framework */ = {isa = PBXFileReference; lastKnownFileType = wrapper.framework; name = QuickTime.framework; path = System/Library/Frameworks/QuickTime.framework; sourceTree = SDKROOT; };
		E4E91D0345564318A86E77AB /* CinderApp.icns */ = {isa = PBXFileReference; lastKnownFileType = image.icns; name = CinderApp.icns; path = ../resources/CinderApp.icns; sourceTree = "<group>"; };
		EC3422D68E404504AA72D4DC /* EEtang_Prefix.pch */ = {isa = PBXFileReference; lastKnownFileType = "\"\""; path = EEtang_Prefix.pch; sourceTree = "<group>"; };
		F1D827D5CEC7490CAE105478 /* IOKit.framework */ = {isa = PBXFileReference; lastKnownFileType = wrapper.framework; name = IOKit.framework; path = System/Library/Frameworks/IOKit.framework; sourceTree = SDKROOT; };
/* End PBXFileReference section */

/* Begin PBXFrameworksBuildPhase section */
		8D11072E0486CEB800E47090 /* Frameworks */ = {
			isa = PBXFrameworksBuildPhase;
			buildActionMask = 2147483647;
			files = (
				8D11072F0486CEB800E47090 /* Cocoa.framework in Frameworks */,
				0091D8F90E81B9330029341E /* OpenGL.framework in Frameworks */,
				5323E6B20EAFCA74003A9687 /* CoreVideo.framework in Frameworks */,
				5323E6B60EAFCA7E003A9687 /* QTKit.framework in Frameworks */,
				00B784B30FF439BC000DE1D7 /* Accelerate.framework in Frameworks */,
				00B784B40FF439BC000DE1D7 /* AudioToolbox.framework in Frameworks */,
				00B784B50FF439BC000DE1D7 /* AudioUnit.framework in Frameworks */,
				00B784B60FF439BC000DE1D7 /* CoreAudio.framework in Frameworks */,
				A251217EE4BB4D0ABD13C725 /* IOKit.framework in Frameworks */,
				C20A828497C1430FA62FEB54 /* QuickTime.framework in Frameworks */,
			);
			runOnlyForDeploymentPostprocessing = 0;
		};
/* End PBXFrameworksBuildPhase section */

/* Begin PBXGroup section */
		01B97315FEAEA392516A2CEA /* Blocks */ = {
			isa = PBXGroup;
			children = (
				E81C688DE3844320807FA0E2 /* Cinder-Freenect */,
			);
			name = Blocks;
			sourceTree = "<group>";
		};
		080E96DDFE201D6D7F000001 /* Source */ = {
			isa = PBXGroup;
			children = (
				0E3A554334924D92A69B4829 /* EEtangApp.cpp */,
				8514E55519353E2400F046B2 /* GlobalSettings.cpp */,
				8514E55919353EFF00F046B2 /* SceneEtang.cpp */,
				8514E55819353E5600F046B2 /* views */,
				8514E53C19353DFB00F046B2 /* bongiovi */,
			);
			name = Source;
			sourceTree = "<group>";
		};
		1058C7A0FEA54F0111CA2CBB /* Linked Frameworks */ = {
			isa = PBXGroup;
			children = (
				00B784AF0FF439BC000DE1D7 /* Accelerate.framework */,
				00B784B00FF439BC000DE1D7 /* AudioToolbox.framework */,
				00B784B10FF439BC000DE1D7 /* AudioUnit.framework */,
				00B784B20FF439BC000DE1D7 /* CoreAudio.framework */,
				5323E6B50EAFCA7E003A9687 /* QTKit.framework */,
				5323E6B10EAFCA74003A9687 /* CoreVideo.framework */,
				0091D8F80E81B9330029341E /* OpenGL.framework */,
				1058C7A1FEA54F0111CA2CBB /* Cocoa.framework */,
			);
			name = "Linked Frameworks";
			sourceTree = "<group>";
		};
		1058C7A2FEA54F0111CA2CBB /* Other Frameworks */ = {
			isa = PBXGroup;
			children = (
				29B97324FDCFA39411CA2CEA /* AppKit.framework */,
				29B97325FDCFA39411CA2CEA /* Foundation.framework */,
			);
			name = "Other Frameworks";
			sourceTree = "<group>";
		};
		19C28FACFE9D520D11CA2CBB /* Products */ = {
			isa = PBXGroup;
			children = (
				8D1107320486CEB800E47090 /* EEtang.app */,
			);
			name = Products;
			sourceTree = "<group>";
		};
		29B97314FDCFA39411CA2CEA /* EEtang */ = {
			isa = PBXGroup;
			children = (
				01B97315FEAEA392516A2CEA /* Blocks */,
				29B97315FDCFA39411CA2CEA /* Headers */,
				080E96DDFE201D6D7F000001 /* Source */,
				29B97317FDCFA39411CA2CEA /* Resources */,
				29B97323FDCFA39411CA2CEA /* Frameworks */,
				19C28FACFE9D520D11CA2CBB /* Products */,
			);
			name = EEtang;
			sourceTree = "<group>";
		};
		29B97315FDCFA39411CA2CEA /* Headers */ = {
			isa = PBXGroup;
			children = (
				8514E55619353E2400F046B2 /* GlobalSettings.h */,
				47E6C99F2800413481C4F784 /* Resources.h */,
				EC3422D68E404504AA72D4DC /* EEtang_Prefix.pch */,
				8514E55A19353EFF00F046B2 /* SceneEtang.h */,
				8514E55D1935437300F046B2 /* ViewBg.h */,
			);
			name = Headers;
			sourceTree = "<group>";
		};
		29B97317FDCFA39411CA2CEA /* Resources */ = {
			isa = PBXGroup;
			children = (
				8514E54F19353E0600F046B2 /* common */,
				8514E55019353E0600F046B2 /* shaders */,
				8514E55119353E0600F046B2 /* videos */,
				E4E91D0345564318A86E77AB /* CinderApp.icns */,
				CD15615AAED74D1E8B0DDA67 /* Info.plist */,
			);
			name = Resources;
			sourceTree = "<group>";
		};
		29B97323FDCFA39411CA2CEA /* Frameworks */ = {
			isa = PBXGroup;
			children = (
				1058C7A0FEA54F0111CA2CBB /* Linked Frameworks */,
				1058C7A2FEA54F0111CA2CBB /* Other Frameworks */,
				F1D827D5CEC7490CAE105478 /* IOKit.framework */,
				DCBBCBBE82C94D33ADF8C6DE /* QuickTime.framework */,
			);
			name = Frameworks;
			sourceTree = "<group>";
		};
		8514E53C19353DFB00F046B2 /* bongiovi */ = {
			isa = PBXGroup;
			children = (
				8514E53D19353DFB00F046B2 /* MathUtils.cpp */,
				8514E53E19353DFB00F046B2 /* MathUtils.h */,
				8514E53F19353DFB00F046B2 /* MeshUtils.cpp */,
				8514E54019353DFB00F046B2 /* MeshUtils.h */,
				8514E54119353DFB00F046B2 /* Scene.cpp */,
				8514E54219353DFB00F046B2 /* Scene.h */,
				8514E54319353DFB00F046B2 /* SceneQuat.cpp */,
				8514E54419353DFB00F046B2 /* SceneQuat.h */,
				8514E54519353DFB00F046B2 /* Utils.cpp */,
				8514E54619353DFB00F046B2 /* Utils.h */,
				8514E54719353DFB00F046B2 /* View.cpp */,
				8514E54819353DFB00F046B2 /* View.h */,
			);
			name = bongiovi;
			path = ../src/bongiovi;
			sourceTree = "<group>";
		};
		8514E55819353E5600F046B2 /* views */ = {
			isa = PBXGroup;
			children = (
				8514E55C1935437300F046B2 /* ViewBg.cpp */,
			);
			name = views;
			sourceTree = "<group>";
		};
		ABA29C8CCD414F059AF53A0C /* src */ = {
			isa = PBXGroup;
			children = (
				7C67EA45A98A4A9DA2776A74 /* CinderFreenect.h */,
				6F1733D0180D42A096E0AC75 /* CinderFreenect.cpp */,
				F7D0D29B1569442E88CCF41B /* freenect */,
			);
			name = src;
			sourceTree = "<group>";
		};
		E81C688DE3844320807FA0E2 /* Cinder-Freenect */ = {
			isa = PBXGroup;
			children = (
				ABA29C8CCD414F059AF53A0C /* src */,
			);
			name = "Cinder-Freenect";
			sourceTree = "<group>";
		};
		F7D0D29B1569442E88CCF41B /* freenect */ = {
			isa = PBXGroup;
			children = (
				400A085A321C4053A20DE30C /* cameras.c */,
				A5B6B602B5164B80AEB995C8 /* core.c */,
				125A72DAA0BF4A6D908F12E7 /* registration.c */,
				5292147A41104C9BA364A95C /* tilt.c */,
				D534BC566BD445658F30D10C /* usb_libusb10.c */,
			);
			name = freenect;
			sourceTree = "<group>";
		};
/* End PBXGroup section */

/* Begin PBXNativeTarget section */
		8D1107260486CEB800E47090 /* EEtang */ = {
			isa = PBXNativeTarget;
			buildConfigurationList = C01FCF4A08A954540054247B /* Build configuration list for PBXNativeTarget "EEtang" */;
			buildPhases = (
				8D1107290486CEB800E47090 /* Resources */,
				8D11072C0486CEB800E47090 /* Sources */,
				8D11072E0486CEB800E47090 /* Frameworks */,
			);
			buildRules = (
			);
			dependencies = (
			);
			name = EEtang;
			productInstallPath = "$(HOME)/Applications";
			productName = EEtang;
			productReference = 8D1107320486CEB800E47090 /* EEtang.app */;
			productType = "com.apple.product-type.application";
		};
/* End PBXNativeTarget section */

/* Begin PBXProject section */
		29B97313FDCFA39411CA2CEA /* Project object */ = {
			isa = PBXProject;
			attributes = {
			};
			buildConfigurationList = C01FCF4E08A954540054247B /* Build configuration list for PBXProject "EEtang" */;
			compatibilityVersion = "Xcode 3.2";
			developmentRegion = English;
			hasScannedForEncodings = 1;
			knownRegions = (
				English,
				Japanese,
				French,
				German,
			);
			mainGroup = 29B97314FDCFA39411CA2CEA /* EEtang */;
			projectDirPath = "";
			projectRoot = "";
			targets = (
				8D1107260486CEB800E47090 /* EEtang */,
			);
		};
/* End PBXProject section */

/* Begin PBXResourcesBuildPhase section */
		8D1107290486CEB800E47090 /* Resources */ = {
			isa = PBXResourcesBuildPhase;
			buildActionMask = 2147483647;
			files = (
				8514E55419353E0600F046B2 /* videos in Resources */,
				8514E55319353E0600F046B2 /* shaders in Resources */,
				A61A6F1A96FA4243A5032F6A /* CinderApp.icns in Resources */,
				8514E55219353E0600F046B2 /* common in Resources */,
			);
			runOnlyForDeploymentPostprocessing = 0;
		};
/* End PBXResourcesBuildPhase section */

/* Begin PBXSourcesBuildPhase section */
		8D11072C0486CEB800E47090 /* Sources */ = {
			isa = PBXSourcesBuildPhase;
			buildActionMask = 2147483647;
			files = (
				5C6CC0FF98704EC4AD198119 /* EEtangApp.cpp in Sources */,
				8514E54919353DFB00F046B2 /* MathUtils.cpp in Sources */,
				8514E54C19353DFB00F046B2 /* SceneQuat.cpp in Sources */,
				AC93C7DA6E2A4691973DBC3F /* CinderFreenect.cpp in Sources */,
				8514E54A19353DFB00F046B2 /* MeshUtils.cpp in Sources */,
				BE5ED79AE807487BB167D9D6 /* cameras.c in Sources */,
				103C2A8CD7734AFCAC3E23E5 /* core.c in Sources */,
				8514E55B19353EFF00F046B2 /* SceneEtang.cpp in Sources */,
				8514E54D19353DFB00F046B2 /* Utils.cpp in Sources */,
				8514E54E19353DFB00F046B2 /* View.cpp in Sources */,
				8514E55719353E2400F046B2 /* GlobalSettings.cpp in Sources */,
				5B637C0E097442028F43D1D7 /* registration.c in Sources */,
				A603FA08E0854115A1ED52E3 /* tilt.c in Sources */,
				8514E54B19353DFB00F046B2 /* Scene.cpp in Sources */,
				118A35717446455DA76DBEE6 /* usb_libusb10.c in Sources */,
				8514E55E1935437300F046B2 /* ViewBg.cpp in Sources */,
			);
			runOnlyForDeploymentPostprocessing = 0;
		};
/* End PBXSourcesBuildPhase section */

/* Begin XCBuildConfiguration section */
		C01FCF4B08A954540054247B /* Debug */ = {
			isa = XCBuildConfiguration;
			buildSettings = {
				COMBINE_HIDPI_IMAGES = YES;
				COPY_PHASE_STRIP = NO;
				DEAD_CODE_STRIPPING = YES;
				GCC_DYNAMIC_NO_PIC = NO;
				GCC_INLINES_ARE_PRIVATE_EXTERN = YES;
				GCC_OPTIMIZATION_LEVEL = 0;
				GCC_PRECOMPILE_PREFIX_HEADER = YES;
				GCC_PREFIX_HEADER = EEtang_Prefix.pch;
				GCC_PREPROCESSOR_DEFINITIONS = (
					"DEBUG=1",
					"$(inherited)",
				);
				GCC_SYMBOLS_PRIVATE_EXTERN = NO;
				INFOPLIST_FILE = Info.plist;
				INSTALL_PATH = "$(HOME)/Applications";
				OTHER_LDFLAGS = (
					"\"$(CINDER_PATH)/lib/libcinder_d.a\"",
					"\"../blocks/Cinder-Freenect/lib/macosx/libusb-1.0.a\"",
				);
				PRODUCT_NAME = EEtang;
				SYMROOT = ./build;
				WRAPPER_EXTENSION = app;
			};
			name = Debug;
		};
		C01FCF4C08A954540054247B /* Release */ = {
			isa = XCBuildConfiguration;
			buildSettings = {
				COMBINE_HIDPI_IMAGES = YES;
				DEAD_CODE_STRIPPING = YES;
				DEBUG_INFORMATION_FORMAT = "dwarf-with-dsym";
				GCC_FAST_MATH = YES;
				GCC_GENERATE_DEBUGGING_SYMBOLS = NO;
				GCC_INLINES_ARE_PRIVATE_EXTERN = YES;
				GCC_OPTIMIZATION_LEVEL = 3;
				GCC_PRECOMPILE_PREFIX_HEADER = YES;
				GCC_PREFIX_HEADER = EEtang_Prefix.pch;
				GCC_SYMBOLS_PRIVATE_EXTERN = NO;
				INFOPLIST_FILE = Info.plist;
				INSTALL_PATH = "$(HOME)/Applications";
				OTHER_LDFLAGS = (
					"\"$(CINDER_PATH)/lib/libcinder.a\"",
					"\"../blocks/Cinder-Freenect/lib/macosx/libusb-1.0.a\"",
				);
				PRODUCT_NAME = EEtang;
				STRIP_INSTALLED_PRODUCT = YES;
				SYMROOT = ./build;
				WRAPPER_EXTENSION = app;
			};
			name = Release;
		};
		C01FCF4F08A954540054247B /* Debug */ = {
			isa = XCBuildConfiguration;
			buildSettings = {
				ALWAYS_SEARCH_USER_PATHS = NO;
				ARCHS = i386;
				CINDER_PATH = ../../../../Development/Cinder;
				CLANG_CXX_LANGUAGE_STANDARD = "c++0x";
				CLANG_CXX_LIBRARY = "libc++";
				GCC_WARN_ABOUT_RETURN_TYPE = YES;
				GCC_WARN_UNUSED_VARIABLE = YES;
				HEADER_SEARCH_PATHS = (
					"\"$(CINDER_PATH)/boost\"",
					"\"../blocks/Cinder-Freenect/src/freenect\"",
				);
				MACOSX_DEPLOYMENT_TARGET = 10.7;
				SDKROOT = macosx;
				USER_HEADER_SEARCH_PATHS = "\"$(CINDER_PATH)/include\" ../include \"../blocks/Cinder-Freenect/src\" ../blocks/QuickTime/include";
			};
			name = Debug;
		};
		C01FCF5008A954540054247B /* Release */ = {
			isa = XCBuildConfiguration;
			buildSettings = {
				ALWAYS_SEARCH_USER_PATHS = NO;
				ARCHS = i386;
				CINDER_PATH = ../../../../Development/Cinder;
				CLANG_CXX_LANGUAGE_STANDARD = "c++0x";
				CLANG_CXX_LIBRARY = "libc++";
				GCC_WARN_ABOUT_RETURN_TYPE = YES;
				GCC_WARN_UNUSED_VARIABLE = YES;
				HEADER_SEARCH_PATHS = (
					"\"$(CINDER_PATH)/boost\"",
					"\"../blocks/Cinder-Freenect/src/freenect\"",
				);
				MACOSX_DEPLOYMENT_TARGET = 10.7;
				SDKROOT = macosx;
				USER_HEADER_SEARCH_PATHS = "\"$(CINDER_PATH)/include\" ../include \"../blocks/Cinder-Freenect/src\" ../blocks/QuickTime/include";
			};
			name = Release;
		};
/* End XCBuildConfiguration section */

/* Begin XCConfigurationList section */
		C01FCF4A08A954540054247B /* Build configuration list for PBXNativeTarget "EEtang" */ = {
			isa = XCConfigurationList;
			buildConfigurations = (
				C01FCF4B08A954540054247B /* Debug */,
				C01FCF4C08A954540054247B /* Release */,
			);
			defaultConfigurationIsVisible = 0;
			defaultConfigurationName = Release;
		};
		C01FCF4E08A954540054247B /* Build configuration list for PBXProject "EEtang" */ = {
			isa = XCConfigurationList;
			buildConfigurations = (
				C01FCF4F08A954540054247B /* Debug */,
				C01FCF5008A954540054247B /* Release */,
			);
			defaultConfigurationIsVisible = 0;
			defaultConfigurationName = Release;
		};
/* End XCConfigurationList section */
	};
	rootObject = 29B97313FDCFA39411CA2CEA /* Project object */;
}
