// !$*UTF8*$!
{
	archiveVersion = 1;
	classes = {
	};
	objectVersion = 46;
	objects = {

/* Begin PBXBuildFile section */
		0091D8F90E81B9330029341E /* OpenGL.framework in Frameworks */ = {isa = PBXBuildFile; fileRef = 0091D8F80E81B9330029341E /* OpenGL.framework */; };
		00B784B30FF439BC000DE1D7 /* Accelerate.framework in Frameworks */ = {isa = PBXBuildFile; fileRef = 00B784AF0FF439BC000DE1D7 /* Accelerate.framework */; };
		00B784B40FF439BC000DE1D7 /* AudioToolbox.framework in Frameworks */ = {isa = PBXBuildFile; fileRef = 00B784B00FF439BC000DE1D7 /* AudioToolbox.framework */; };
		00B784B50FF439BC000DE1D7 /* AudioUnit.framework in Frameworks */ = {isa = PBXBuildFile; fileRef = 00B784B10FF439BC000DE1D7 /* AudioUnit.framework */; };
		00B784B60FF439BC000DE1D7 /* CoreAudio.framework in Frameworks */ = {isa = PBXBuildFile; fileRef = 00B784B20FF439BC000DE1D7 /* CoreAudio.framework */; };
		04519CFB7F1F42128B12DD00 /* usb_libusb10.c in Sources */ = {isa = PBXBuildFile; fileRef = 61987E9882B548FEB61AE487 /* usb_libusb10.c */; };
		083449CD9EE04524B12F8837 /* QuickTime.framework in Frameworks */ = {isa = PBXBuildFile; fileRef = 13F1C0B3CC2E40F7963C1F13 /* QuickTime.framework */; };
		10A94EE2FB634CB2925F243C /* CinderFreenect.cpp in Sources */ = {isa = PBXBuildFile; fileRef = 7275486C6C374436BF392059 /* CinderFreenect.cpp */; };
		22E13470569A4A969CD1AEC6 /* cameras.c in Sources */ = {isa = PBXBuildFile; fileRef = 2F9AFBE4DE004C5798CD5EC9 /* cameras.c */; };
		47A94122F42E474AA02D748B /* EtangApp.cpp in Sources */ = {isa = PBXBuildFile; fileRef = B877C675F7CF4D59B1E140C1 /* EtangApp.cpp */; };
		5323E6B20EAFCA74003A9687 /* CoreVideo.framework in Frameworks */ = {isa = PBXBuildFile; fileRef = 5323E6B10EAFCA74003A9687 /* CoreVideo.framework */; };
		5323E6B60EAFCA7E003A9687 /* QTKit.framework in Frameworks */ = {isa = PBXBuildFile; fileRef = 5323E6B50EAFCA7E003A9687 /* QTKit.framework */; };
		774075A11B3C41C793D269DC /* registration.c in Sources */ = {isa = PBXBuildFile; fileRef = 9FEF7834F40D4B5781B6D45B /* registration.c */; };
		853FB8A31967F20800B5A593 /* ViewDots.cpp in Sources */ = {isa = PBXBuildFile; fileRef = 853FB8A11967F20800B5A593 /* ViewDots.cpp */; };
		853FB8A81967F6E800B5A593 /* Model.cpp in Sources */ = {isa = PBXBuildFile; fileRef = 853FB8A61967F6E800B5A593 /* Model.cpp */; };
		853FB8AB1967F7ED00B5A593 /* GlobalSettings.cpp in Sources */ = {isa = PBXBuildFile; fileRef = 853FB8A91967F7ED00B5A593 /* GlobalSettings.cpp */; };
		85CB6C4B1967F02900F29C52 /* SceneEtang.cpp in Sources */ = {isa = PBXBuildFile; fileRef = 85CB6C491967F02900F29C52 /* SceneEtang.cpp */; };
		85E6E90F1967091A00B70860 /* MathUtils.cpp in Sources */ = {isa = PBXBuildFile; fileRef = 85E6E9031967091A00B70860 /* MathUtils.cpp */; };
		85E6E9101967091A00B70860 /* MeshUtils.cpp in Sources */ = {isa = PBXBuildFile; fileRef = 85E6E9051967091A00B70860 /* MeshUtils.cpp */; };
		85E6E9111967091A00B70860 /* Scene.cpp in Sources */ = {isa = PBXBuildFile; fileRef = 85E6E9071967091A00B70860 /* Scene.cpp */; };
		85E6E9121967091A00B70860 /* SceneQuat.cpp in Sources */ = {isa = PBXBuildFile; fileRef = 85E6E9091967091A00B70860 /* SceneQuat.cpp */; };
		85E6E9131967091A00B70860 /* Utils.cpp in Sources */ = {isa = PBXBuildFile; fileRef = 85E6E90B1967091A00B70860 /* Utils.cpp */; };
		85E6E9141967091A00B70860 /* View.cpp in Sources */ = {isa = PBXBuildFile; fileRef = 85E6E90D1967091A00B70860 /* View.cpp */; };
		85E6E9181967092500B70860 /* common in Resources */ = {isa = PBXBuildFile; fileRef = 85E6E9151967092500B70860 /* common */; };
		85E6E9191967092500B70860 /* shaders in Resources */ = {isa = PBXBuildFile; fileRef = 85E6E9161967092500B70860 /* shaders */; };
		85E6E91A1967092500B70860 /* videos in Resources */ = {isa = PBXBuildFile; fileRef = 85E6E9171967092500B70860 /* videos */; };
		8D11072F0486CEB800E47090 /* Cocoa.framework in Frameworks */ = {isa = PBXBuildFile; fileRef = 1058C7A1FEA54F0111CA2CBB /* Cocoa.framework */; };
		B001B6DADAD1458F9A702EC2 /* core.c in Sources */ = {isa = PBXBuildFile; fileRef = 6942C8EF12B745529D80923E /* core.c */; };
		B53B528CFEB5448E82661F7F /* CinderApp.icns in Resources */ = {isa = PBXBuildFile; fileRef = D661971B9A5342EB81EB8A3B /* CinderApp.icns */; };
		C2D383E5A35F4695BD30B70F /* tilt.c in Sources */ = {isa = PBXBuildFile; fileRef = AFECC2E5CA234CD98D4326B9 /* tilt.c */; };
		E78CA4B015FB444DBD02D9D8 /* IOKit.framework in Frameworks */ = {isa = PBXBuildFile; fileRef = 60AB5A9889C94CECAB29E3CD /* IOKit.framework */; };
/* End PBXBuildFile section */

/* Begin PBXFileReference section */
		0091D8F80E81B9330029341E /* OpenGL.framework */ = {isa = PBXFileReference; lastKnownFileType = wrapper.framework; name = OpenGL.framework; path = /System/Library/Frameworks/OpenGL.framework; sourceTree = "<absolute>"; };
		00B784AF0FF439BC000DE1D7 /* Accelerate.framework */ = {isa = PBXFileReference; lastKnownFileType = wrapper.framework; name = Accelerate.framework; path = System/Library/Frameworks/Accelerate.framework; sourceTree = SDKROOT; };
		00B784B00FF439BC000DE1D7 /* AudioToolbox.framework */ = {isa = PBXFileReference; lastKnownFileType = wrapper.framework; name = AudioToolbox.framework; path = System/Library/Frameworks/AudioToolbox.framework; sourceTree = SDKROOT; };
		00B784B10FF439BC000DE1D7 /* AudioUnit.framework */ = {isa = PBXFileReference; lastKnownFileType = wrapper.framework; name = AudioUnit.framework; path = System/Library/Frameworks/AudioUnit.framework; sourceTree = SDKROOT; };
		00B784B20FF439BC000DE1D7 /* CoreAudio.framework */ = {isa = PBXFileReference; lastKnownFileType = wrapper.framework; name = CoreAudio.framework; path = System/Library/Frameworks/CoreAudio.framework; sourceTree = SDKROOT; };
		1058C7A1FEA54F0111CA2CBB /* Cocoa.framework */ = {isa = PBXFileReference; lastKnownFileType = wrapper.framework; name = Cocoa.framework; path = /System/Library/Frameworks/Cocoa.framework; sourceTree = "<absolute>"; };
		13F1C0B3CC2E40F7963C1F13 /* QuickTime.framework */ = {isa = PBXFileReference; lastKnownFileType = wrapper.framework; name = QuickTime.framework; path = System/Library/Frameworks/QuickTime.framework; sourceTree = SDKROOT; };
		183E1383341943A58CF86206 /* Resources.h */ = {isa = PBXFileReference; lastKnownFileType = sourcecode.c.h; name = Resources.h; path = ../include/Resources.h; sourceTree = "<group>"; };
		29B97324FDCFA39411CA2CEA /* AppKit.framework */ = {isa = PBXFileReference; lastKnownFileType = wrapper.framework; name = AppKit.framework; path = /System/Library/Frameworks/AppKit.framework; sourceTree = "<absolute>"; };
		29B97325FDCFA39411CA2CEA /* Foundation.framework */ = {isa = PBXFileReference; lastKnownFileType = wrapper.framework; name = Foundation.framework; path = /System/Library/Frameworks/Foundation.framework; sourceTree = "<absolute>"; };
		2F9AFBE4DE004C5798CD5EC9 /* cameras.c */ = {isa = PBXFileReference; lastKnownFileType = "\"\""; name = cameras.c; path = "../blocks/Cinder-Freenect/src/freenect/cameras.c"; sourceTree = "<group>"; };
		31A1E035B8CD4DDFAFA3BB84 /* CinderFreenect.h */ = {isa = PBXFileReference; lastKnownFileType = sourcecode.c.h; name = CinderFreenect.h; path = "../blocks/Cinder-Freenect/src/CinderFreenect.h"; sourceTree = "<group>"; };
		5323E6B10EAFCA74003A9687 /* CoreVideo.framework */ = {isa = PBXFileReference; lastKnownFileType = wrapper.framework; name = CoreVideo.framework; path = /System/Library/Frameworks/CoreVideo.framework; sourceTree = "<absolute>"; };
		5323E6B50EAFCA7E003A9687 /* QTKit.framework */ = {isa = PBXFileReference; lastKnownFileType = wrapper.framework; name = QTKit.framework; path = /System/Library/Frameworks/QTKit.framework; sourceTree = "<absolute>"; };
		60AB5A9889C94CECAB29E3CD /* IOKit.framework */ = {isa = PBXFileReference; lastKnownFileType = wrapper.framework; name = IOKit.framework; path = System/Library/Frameworks/IOKit.framework; sourceTree = SDKROOT; };
		61987E9882B548FEB61AE487 /* usb_libusb10.c */ = {isa = PBXFileReference; lastKnownFileType = "\"\""; name = usb_libusb10.c; path = "../blocks/Cinder-Freenect/src/freenect/usb_libusb10.c"; sourceTree = "<group>"; };
		6942C8EF12B745529D80923E /* core.c */ = {isa = PBXFileReference; lastKnownFileType = "\"\""; name = core.c; path = "../blocks/Cinder-Freenect/src/freenect/core.c"; sourceTree = "<group>"; };
		6E8C3F9D1068405FA92BE5E3 /* Etang_Prefix.pch */ = {isa = PBXFileReference; lastKnownFileType = "\"\""; path = Etang_Prefix.pch; sourceTree = "<group>"; };
		7275486C6C374436BF392059 /* CinderFreenect.cpp */ = {isa = PBXFileReference; lastKnownFileType = sourcecode.c.cpp; name = CinderFreenect.cpp; path = "../blocks/Cinder-Freenect/src/CinderFreenect.cpp"; sourceTree = "<group>"; };
		853FB8A11967F20800B5A593 /* ViewDots.cpp */ = {isa = PBXFileReference; fileEncoding = 4; lastKnownFileType = sourcecode.cpp.cpp; name = ViewDots.cpp; path = ../src/etang/ViewDots.cpp; sourceTree = "<group>"; };
		853FB8A21967F20800B5A593 /* ViewDots.h */ = {isa = PBXFileReference; fileEncoding = 4; lastKnownFileType = sourcecode.c.h; name = ViewDots.h; path = ../src/etang/ViewDots.h; sourceTree = "<group>"; };
		853FB8A61967F6E800B5A593 /* Model.cpp */ = {isa = PBXFileReference; fileEncoding = 4; lastKnownFileType = sourcecode.cpp.cpp; name = Model.cpp; path = ../src/etang/Model.cpp; sourceTree = "<group>"; };
		853FB8A71967F6E800B5A593 /* Model.h */ = {isa = PBXFileReference; fileEncoding = 4; lastKnownFileType = sourcecode.c.h; name = Model.h; path = ../src/etang/Model.h; sourceTree = "<group>"; };
		853FB8A91967F7ED00B5A593 /* GlobalSettings.cpp */ = {isa = PBXFileReference; fileEncoding = 4; lastKnownFileType = sourcecode.cpp.cpp; path = GlobalSettings.cpp; sourceTree = "<group>"; };
		853FB8AA1967F7ED00B5A593 /* GlobalSettings.h */ = {isa = PBXFileReference; fileEncoding = 4; lastKnownFileType = sourcecode.c.h; path = GlobalSettings.h; sourceTree = "<group>"; };
		85CB6C491967F02900F29C52 /* SceneEtang.cpp */ = {isa = PBXFileReference; fileEncoding = 4; lastKnownFileType = sourcecode.cpp.cpp; name = SceneEtang.cpp; path = ../src/etang/SceneEtang.cpp; sourceTree = "<group>"; };
		85CB6C4A1967F02900F29C52 /* SceneEtang.h */ = {isa = PBXFileReference; fileEncoding = 4; lastKnownFileType = sourcecode.c.h; name = SceneEtang.h; path = ../src/etang/SceneEtang.h; sourceTree = "<group>"; };
		85E6E9031967091A00B70860 /* MathUtils.cpp */ = {isa = PBXFileReference; fileEncoding = 4; lastKnownFileType = sourcecode.cpp.cpp; path = MathUtils.cpp; sourceTree = "<group>"; };
		85E6E9041967091A00B70860 /* MathUtils.h */ = {isa = PBXFileReference; fileEncoding = 4; lastKnownFileType = sourcecode.c.h; path = MathUtils.h; sourceTree = "<group>"; };
		85E6E9051967091A00B70860 /* MeshUtils.cpp */ = {isa = PBXFileReference; fileEncoding = 4; lastKnownFileType = sourcecode.cpp.cpp; path = MeshUtils.cpp; sourceTree = "<group>"; };
		85E6E9061967091A00B70860 /* MeshUtils.h */ = {isa = PBXFileReference; fileEncoding = 4; lastKnownFileType = sourcecode.c.h; path = MeshUtils.h; sourceTree = "<group>"; };
		85E6E9071967091A00B70860 /* Scene.cpp */ = {isa = PBXFileReference; fileEncoding = 4; lastKnownFileType = sourcecode.cpp.cpp; path = Scene.cpp; sourceTree = "<group>"; };
		85E6E9081967091A00B70860 /* Scene.h */ = {isa = PBXFileReference; fileEncoding = 4; lastKnownFileType = sourcecode.c.h; path = Scene.h; sourceTree = "<group>"; };
		85E6E9091967091A00B70860 /* SceneQuat.cpp */ = {isa = PBXFileReference; fileEncoding = 4; lastKnownFileType = sourcecode.cpp.cpp; path = SceneQuat.cpp; sourceTree = "<group>"; };
		85E6E90A1967091A00B70860 /* SceneQuat.h */ = {isa = PBXFileReference; fileEncoding = 4; lastKnownFileType = sourcecode.c.h; path = SceneQuat.h; sourceTree = "<group>"; };
		85E6E90B1967091A00B70860 /* Utils.cpp */ = {isa = PBXFileReference; fileEncoding = 4; lastKnownFileType = sourcecode.cpp.cpp; path = Utils.cpp; sourceTree = "<group>"; };
		85E6E90C1967091A00B70860 /* Utils.h */ = {isa = PBXFileReference; fileEncoding = 4; lastKnownFileType = sourcecode.c.h; path = Utils.h; sourceTree = "<group>"; };
		85E6E90D1967091A00B70860 /* View.cpp */ = {isa = PBXFileReference; fileEncoding = 4; lastKnownFileType = sourcecode.cpp.cpp; path = View.cpp; sourceTree = "<group>"; };
		85E6E90E1967091A00B70860 /* View.h */ = {isa = PBXFileReference; fileEncoding = 4; lastKnownFileType = sourcecode.c.h; path = View.h; sourceTree = "<group>"; };
		85E6E9151967092500B70860 /* common */ = {isa = PBXFileReference; lastKnownFileType = folder; name = common; path = ../assets/common; sourceTree = "<group>"; };
		85E6E9161967092500B70860 /* shaders */ = {isa = PBXFileReference; lastKnownFileType = folder; name = shaders; path = ../assets/shaders; sourceTree = "<group>"; };
		85E6E9171967092500B70860 /* videos */ = {isa = PBXFileReference; lastKnownFileType = folder; name = videos; path = ../assets/videos; sourceTree = "<group>"; };
		8D1107320486CEB800E47090 /* Etang.app */ = {isa = PBXFileReference; explicitFileType = wrapper.application; includeInIndex = 0; path = Etang.app; sourceTree = BUILT_PRODUCTS_DIR; };
		9FEF7834F40D4B5781B6D45B /* registration.c */ = {isa = PBXFileReference; lastKnownFileType = "\"\""; name = registration.c; path = "../blocks/Cinder-Freenect/src/freenect/registration.c"; sourceTree = "<group>"; };
		AFECC2E5CA234CD98D4326B9 /* tilt.c */ = {isa = PBXFileReference; lastKnownFileType = "\"\""; name = tilt.c; path = "../blocks/Cinder-Freenect/src/freenect/tilt.c"; sourceTree = "<group>"; };
		B877C675F7CF4D59B1E140C1 /* EtangApp.cpp */ = {isa = PBXFileReference; lastKnownFileType = sourcecode.c.cpp; name = EtangApp.cpp; path = ../src/EtangApp.cpp; sourceTree = "<group>"; };
		D661971B9A5342EB81EB8A3B /* CinderApp.icns */ = {isa = PBXFileReference; lastKnownFileType = image.icns; name = CinderApp.icns; path = ../resources/CinderApp.icns; sourceTree = "<group>"; };
		EB3F504CE392401EAB2498E9 /* Info.plist */ = {isa = PBXFileReference; lastKnownFileType = text.plist.xml; path = Info.plist; sourceTree = "<group>"; };
/* End PBXFileReference section */

/* Begin PBXFrameworksBuildPhase section */
		8D11072E0486CEB800E47090 /* Frameworks */ = {
			isa = PBXFrameworksBuildPhase;
			buildActionMask = 2147483647;
			files = (
				8D11072F0486CEB800E47090 /* Cocoa.framework in Frameworks */,
				0091D8F90E81B9330029341E /* OpenGL.framework in Frameworks */,
				5323E6B20EAFCA74003A9687 /* CoreVideo.framework in Frameworks */,
				5323E6B60EAFCA7E003A9687 /* QTKit.framework in Frameworks */,
				00B784B30FF439BC000DE1D7 /* Accelerate.framework in Frameworks */,
				00B784B40FF439BC000DE1D7 /* AudioToolbox.framework in Frameworks */,
				00B784B50FF439BC000DE1D7 /* AudioUnit.framework in Frameworks */,
				00B784B60FF439BC000DE1D7 /* CoreAudio.framework in Frameworks */,
				E78CA4B015FB444DBD02D9D8 /* IOKit.framework in Frameworks */,
				083449CD9EE04524B12F8837 /* QuickTime.framework in Frameworks */,
			);
			runOnlyForDeploymentPostprocessing = 0;
		};
/* End PBXFrameworksBuildPhase section */

/* Begin PBXGroup section */
		01B97315FEAEA392516A2CEA /* Blocks */ = {
			isa = PBXGroup;
			children = (
				91BEF6644F2E42E1BF7B34F3 /* Cinder-Freenect */,
			);
			name = Blocks;
			sourceTree = "<group>";
		};
		080E96DDFE201D6D7F000001 /* Source */ = {
			isa = PBXGroup;
			children = (
				B877C675F7CF4D59B1E140C1 /* EtangApp.cpp */,
				85CB6C481967EFE500F29C52 /* etang */,
				85E6E9021967091A00B70860 /* bongiovi */,
			);
			name = Source;
			sourceTree = "<group>";
		};
		1058C7A0FEA54F0111CA2CBB /* Linked Frameworks */ = {
			isa = PBXGroup;
			children = (
				00B784AF0FF439BC000DE1D7 /* Accelerate.framework */,
				00B784B00FF439BC000DE1D7 /* AudioToolbox.framework */,
				00B784B10FF439BC000DE1D7 /* AudioUnit.framework */,
				00B784B20FF439BC000DE1D7 /* CoreAudio.framework */,
				5323E6B50EAFCA7E003A9687 /* QTKit.framework */,
				5323E6B10EAFCA74003A9687 /* CoreVideo.framework */,
				0091D8F80E81B9330029341E /* OpenGL.framework */,
				1058C7A1FEA54F0111CA2CBB /* Cocoa.framework */,
			);
			name = "Linked Frameworks";
			sourceTree = "<group>";
		};
		1058C7A2FEA54F0111CA2CBB /* Other Frameworks */ = {
			isa = PBXGroup;
			children = (
				29B97324FDCFA39411CA2CEA /* AppKit.framework */,
				29B97325FDCFA39411CA2CEA /* Foundation.framework */,
			);
			name = "Other Frameworks";
			sourceTree = "<group>";
		};
		19C28FACFE9D520D11CA2CBB /* Products */ = {
			isa = PBXGroup;
			children = (
				8D1107320486CEB800E47090 /* Etang.app */,
			);
			name = Products;
			sourceTree = "<group>";
		};
		29B97314FDCFA39411CA2CEA /* Etang */ = {
			isa = PBXGroup;
			children = (
				01B97315FEAEA392516A2CEA /* Blocks */,
				29B97315FDCFA39411CA2CEA /* Headers */,
				080E96DDFE201D6D7F000001 /* Source */,
				29B97317FDCFA39411CA2CEA /* Resources */,
				29B97323FDCFA39411CA2CEA /* Frameworks */,
				19C28FACFE9D520D11CA2CBB /* Products */,
			);
			name = Etang;
			sourceTree = "<group>";
		};
		29B97315FDCFA39411CA2CEA /* Headers */ = {
			isa = PBXGroup;
			children = (
				85CB6C4A1967F02900F29C52 /* SceneEtang.h */,
				183E1383341943A58CF86206 /* Resources.h */,
				6E8C3F9D1068405FA92BE5E3 /* Etang_Prefix.pch */,
				853FB8A21967F20800B5A593 /* ViewDots.h */,
				853FB8A71967F6E800B5A593 /* Model.h */,
				853FB8AA1967F7ED00B5A593 /* GlobalSettings.h */,
			);
			name = Headers;
			sourceTree = "<group>";
		};
		29B97317FDCFA39411CA2CEA /* Resources */ = {
			isa = PBXGroup;
			children = (
				85E6E9151967092500B70860 /* common */,
				85E6E9161967092500B70860 /* shaders */,
				85E6E9171967092500B70860 /* videos */,
				D661971B9A5342EB81EB8A3B /* CinderApp.icns */,
				EB3F504CE392401EAB2498E9 /* Info.plist */,
			);
			name = Resources;
			sourceTree = "<group>";
		};
		29B97323FDCFA39411CA2CEA /* Frameworks */ = {
			isa = PBXGroup;
			children = (
				1058C7A0FEA54F0111CA2CBB /* Linked Frameworks */,
				1058C7A2FEA54F0111CA2CBB /* Other Frameworks */,
				60AB5A9889C94CECAB29E3CD /* IOKit.framework */,
				13F1C0B3CC2E40F7963C1F13 /* QuickTime.framework */,
			);
			name = Frameworks;
			sourceTree = "<group>";
		};
		7A16A93B80814D5BB9842BA9 /* freenect */ = {
			isa = PBXGroup;
			children = (
				2F9AFBE4DE004C5798CD5EC9 /* cameras.c */,
				6942C8EF12B745529D80923E /* core.c */,
				9FEF7834F40D4B5781B6D45B /* registration.c */,
				AFECC2E5CA234CD98D4326B9 /* tilt.c */,
				61987E9882B548FEB61AE487 /* usb_libusb10.c */,
			);
			name = freenect;
			sourceTree = "<group>";
		};
		853FB8A01967F1EB00B5A593 /* views */ = {
			isa = PBXGroup;
			children = (
				853FB8A11967F20800B5A593 /* ViewDots.cpp */,
			);
			name = views;
			sourceTree = "<group>";
		};
		853FB8A41967F59600B5A593 /* components */ = {
			isa = PBXGroup;
			children = (
			);
			name = components;
			sourceTree = "<group>";
		};
		853FB8A51967F59C00B5A593 /* models */ = {
			isa = PBXGroup;
			children = (
				853FB8A61967F6E800B5A593 /* Model.cpp */,
				853FB8A91967F7ED00B5A593 /* GlobalSettings.cpp */,
			);
			name = models;
			sourceTree = "<group>";
		};
		85CB6C481967EFE500F29C52 /* etang */ = {
			isa = PBXGroup;
			children = (
				85CB6C491967F02900F29C52 /* SceneEtang.cpp */,
				853FB8A51967F59C00B5A593 /* models */,
				853FB8A41967F59600B5A593 /* components */,
				853FB8A01967F1EB00B5A593 /* views */,
			);
			name = etang;
			sourceTree = "<group>";
		};
		85E6E9021967091A00B70860 /* bongiovi */ = {
			isa = PBXGroup;
			children = (
				85E6E9031967091A00B70860 /* MathUtils.cpp */,
				85E6E9041967091A00B70860 /* MathUtils.h */,
				85E6E9051967091A00B70860 /* MeshUtils.cpp */,
				85E6E9061967091A00B70860 /* MeshUtils.h */,
				85E6E9071967091A00B70860 /* Scene.cpp */,
				85E6E9081967091A00B70860 /* Scene.h */,
				85E6E9091967091A00B70860 /* SceneQuat.cpp */,
				85E6E90A1967091A00B70860 /* SceneQuat.h */,
				85E6E90B1967091A00B70860 /* Utils.cpp */,
				85E6E90C1967091A00B70860 /* Utils.h */,
				85E6E90D1967091A00B70860 /* View.cpp */,
				85E6E90E1967091A00B70860 /* View.h */,
			);
			name = bongiovi;
			path = ../src/bongiovi;
			sourceTree = "<group>";
		};
		91BEF6644F2E42E1BF7B34F3 /* Cinder-Freenect */ = {
			isa = PBXGroup;
			children = (
				F93FD67DE199414CA963D5A3 /* src */,
			);
			name = "Cinder-Freenect";
			sourceTree = "<group>";
		};
		F93FD67DE199414CA963D5A3 /* src */ = {
			isa = PBXGroup;
			children = (
				31A1E035B8CD4DDFAFA3BB84 /* CinderFreenect.h */,
				7275486C6C374436BF392059 /* CinderFreenect.cpp */,
				7A16A93B80814D5BB9842BA9 /* freenect */,
			);
			name = src;
			sourceTree = "<group>";
		};
/* End PBXGroup section */

/* Begin PBXNativeTarget section */
		8D1107260486CEB800E47090 /* Etang */ = {
			isa = PBXNativeTarget;
			buildConfigurationList = C01FCF4A08A954540054247B /* Build configuration list for PBXNativeTarget "Etang" */;
			buildPhases = (
				8D1107290486CEB800E47090 /* Resources */,
				8D11072C0486CEB800E47090 /* Sources */,
				8D11072E0486CEB800E47090 /* Frameworks */,
			);
			buildRules = (
			);
			dependencies = (
			);
			name = Etang;
			productInstallPath = "$(HOME)/Applications";
			productName = Etang;
			productReference = 8D1107320486CEB800E47090 /* Etang.app */;
			productType = "com.apple.product-type.application";
		};
/* End PBXNativeTarget section */

/* Begin PBXProject section */
		29B97313FDCFA39411CA2CEA /* Project object */ = {
			isa = PBXProject;
			attributes = {
			};
			buildConfigurationList = C01FCF4E08A954540054247B /* Build configuration list for PBXProject "Etang" */;
			compatibilityVersion = "Xcode 3.2";
			developmentRegion = English;
			hasScannedForEncodings = 1;
			knownRegions = (
				English,
				Japanese,
				French,
				German,
			);
			mainGroup = 29B97314FDCFA39411CA2CEA /* Etang */;
			projectDirPath = "";
			projectRoot = "";
			targets = (
				8D1107260486CEB800E47090 /* Etang */,
			);
		};
/* End PBXProject section */

/* Begin PBXResourcesBuildPhase section */
		8D1107290486CEB800E47090 /* Resources */ = {
			isa = PBXResourcesBuildPhase;
			buildActionMask = 2147483647;
			files = (
				85E6E91A1967092500B70860 /* videos in Resources */,
				85E6E9191967092500B70860 /* shaders in Resources */,
				B53B528CFEB5448E82661F7F /* CinderApp.icns in Resources */,
				85E6E9181967092500B70860 /* common in Resources */,
			);
			runOnlyForDeploymentPostprocessing = 0;
		};
/* End PBXResourcesBuildPhase section */

/* Begin PBXSourcesBuildPhase section */
		8D11072C0486CEB800E47090 /* Sources */ = {
			isa = PBXSourcesBuildPhase;
			buildActionMask = 2147483647;
			files = (
				47A94122F42E474AA02D748B /* EtangApp.cpp in Sources */,
				85E6E90F1967091A00B70860 /* MathUtils.cpp in Sources */,
				85E6E9121967091A00B70860 /* SceneQuat.cpp in Sources */,
				853FB8AB1967F7ED00B5A593 /* GlobalSettings.cpp in Sources */,
				10A94EE2FB634CB2925F243C /* CinderFreenect.cpp in Sources */,
				85E6E9101967091A00B70860 /* MeshUtils.cpp in Sources */,
				22E13470569A4A969CD1AEC6 /* cameras.c in Sources */,
				853FB8A31967F20800B5A593 /* ViewDots.cpp in Sources */,
				85CB6C4B1967F02900F29C52 /* SceneEtang.cpp in Sources */,
				B001B6DADAD1458F9A702EC2 /* core.c in Sources */,
				85E6E9131967091A00B70860 /* Utils.cpp in Sources */,
				85E6E9141967091A00B70860 /* View.cpp in Sources */,
				853FB8A81967F6E800B5A593 /* Model.cpp in Sources */,
				774075A11B3C41C793D269DC /* registration.c in Sources */,
				C2D383E5A35F4695BD30B70F /* tilt.c in Sources */,
				85E6E9111967091A00B70860 /* Scene.cpp in Sources */,
				04519CFB7F1F42128B12DD00 /* usb_libusb10.c in Sources */,
			);
			runOnlyForDeploymentPostprocessing = 0;
		};
/* End PBXSourcesBuildPhase section */

/* Begin XCBuildConfiguration section */
		C01FCF4B08A954540054247B /* Debug */ = {
			isa = XCBuildConfiguration;
			buildSettings = {
				COMBINE_HIDPI_IMAGES = YES;
				COPY_PHASE_STRIP = NO;
				DEAD_CODE_STRIPPING = YES;
				GCC_DYNAMIC_NO_PIC = NO;
				GCC_INLINES_ARE_PRIVATE_EXTERN = YES;
				GCC_OPTIMIZATION_LEVEL = 0;
				GCC_PRECOMPILE_PREFIX_HEADER = YES;
				GCC_PREFIX_HEADER = Etang_Prefix.pch;
				GCC_PREPROCESSOR_DEFINITIONS = (
					"DEBUG=1",
					"$(inherited)",
				);
				GCC_SYMBOLS_PRIVATE_EXTERN = NO;
				INFOPLIST_FILE = Info.plist;
				INSTALL_PATH = "$(HOME)/Applications";
				OTHER_LDFLAGS = (
					"\"$(CINDER_PATH)/lib/libcinder_d.a\"",
					"\"../blocks/Cinder-Freenect/lib/macosx/libusb-1.0.a\"",
				);
				PRODUCT_NAME = Etang;
				SYMROOT = ./build;
				WRAPPER_EXTENSION = app;
			};
			name = Debug;
		};
		C01FCF4C08A954540054247B /* Release */ = {
			isa = XCBuildConfiguration;
			buildSettings = {
				COMBINE_HIDPI_IMAGES = YES;
				DEAD_CODE_STRIPPING = YES;
				DEBUG_INFORMATION_FORMAT = "dwarf-with-dsym";
				GCC_FAST_MATH = YES;
				GCC_GENERATE_DEBUGGING_SYMBOLS = NO;
				GCC_INLINES_ARE_PRIVATE_EXTERN = YES;
				GCC_OPTIMIZATION_LEVEL = 3;
				GCC_PRECOMPILE_PREFIX_HEADER = YES;
				GCC_PREFIX_HEADER = Etang_Prefix.pch;
				GCC_SYMBOLS_PRIVATE_EXTERN = NO;
				INFOPLIST_FILE = Info.plist;
				INSTALL_PATH = "$(HOME)/Applications";
				OTHER_LDFLAGS = (
					"\"$(CINDER_PATH)/lib/libcinder.a\"",
					"\"../blocks/Cinder-Freenect/lib/macosx/libusb-1.0.a\"",
				);
				PRODUCT_NAME = Etang;
				STRIP_INSTALLED_PRODUCT = YES;
				SYMROOT = ./build;
				WRAPPER_EXTENSION = app;
			};
			name = Release;
		};
		C01FCF4F08A954540054247B /* Debug */ = {
			isa = XCBuildConfiguration;
			buildSettings = {
				ALWAYS_SEARCH_USER_PATHS = NO;
				ARCHS = i386;
				CINDER_PATH = ../../../../Development/Cinder;
				CLANG_CXX_LANGUAGE_STANDARD = "c++0x";
				CLANG_CXX_LIBRARY = "libc++";
				GCC_WARN_ABOUT_RETURN_TYPE = YES;
				GCC_WARN_UNUSED_VARIABLE = YES;
				HEADER_SEARCH_PATHS = (
					"\"$(CINDER_PATH)/boost\"",
					"\"../blocks/Cinder-Freenect/src/freenect\"",
				);
				MACOSX_DEPLOYMENT_TARGET = 10.7;
				SDKROOT = macosx;
				USER_HEADER_SEARCH_PATHS = "\"$(CINDER_PATH)/include\" ../include \"../blocks/Cinder-Freenect/src\" ../../../../Development/Cinder/blocks/QuickTime/include";
			};
			name = Debug;
		};
		C01FCF5008A954540054247B /* Release */ = {
			isa = XCBuildConfiguration;
			buildSettings = {
				ALWAYS_SEARCH_USER_PATHS = NO;
				ARCHS = i386;
				CINDER_PATH = ../../../../Development/Cinder;
				CLANG_CXX_LANGUAGE_STANDARD = "c++0x";
				CLANG_CXX_LIBRARY = "libc++";
				GCC_WARN_ABOUT_RETURN_TYPE = YES;
				GCC_WARN_UNUSED_VARIABLE = YES;
				HEADER_SEARCH_PATHS = (
					"\"$(CINDER_PATH)/boost\"",
					"\"../blocks/Cinder-Freenect/src/freenect\"",
				);
				MACOSX_DEPLOYMENT_TARGET = 10.7;
				SDKROOT = macosx;
				USER_HEADER_SEARCH_PATHS = "\"$(CINDER_PATH)/include\" ../include \"../blocks/Cinder-Freenect/src\" ../../../../Development/Cinder/blocks/QuickTime/include";
			};
			name = Release;
		};
/* End XCBuildConfiguration section */

/* Begin XCConfigurationList section */
		C01FCF4A08A954540054247B /* Build configuration list for PBXNativeTarget "Etang" */ = {
			isa = XCConfigurationList;
			buildConfigurations = (
				C01FCF4B08A954540054247B /* Debug */,
				C01FCF4C08A954540054247B /* Release */,
			);
			defaultConfigurationIsVisible = 0;
			defaultConfigurationName = Release;
		};
		C01FCF4E08A954540054247B /* Build configuration list for PBXProject "Etang" */ = {
			isa = XCConfigurationList;
			buildConfigurations = (
				C01FCF4F08A954540054247B /* Debug */,
				C01FCF5008A954540054247B /* Release */,
			);
			defaultConfigurationIsVisible = 0;
			defaultConfigurationName = Release;
		};
/* End XCConfigurationList section */
	};
	rootObject = 29B97313FDCFA39411CA2CEA /* Project object */;
}
